<?xml version="1.0" encoding="utf-8"?>
<Project ToolsVersion="4.0" xmlns="http://schemas.microsoft.com/developer/msbuild/2003">
  <ItemGroup>
    <FxCompile Include="DebugQuadPS.hlsl" />
    <FxCompile Include="DebugQuadVS.hlsl" />
    <FxCompile Include="DS.hlsl" />
    <FxCompile Include="HS.hlsl" />
    <FxCompile Include="PS.hlsl" />
    <FxCompile Include="ShadowMapPS.hlsl" />
    <FxCompile Include="ShadowMapSkinnedVS.hlsl" />
    <FxCompile Include="ShadowMapVS.hlsl" />
    <FxCompile Include="SkinnedVS.hlsl" />
    <FxCompile Include="SkyPS.hlsl" />
    <FxCompile Include="SkyVS.hlsl" />
    <FxCompile Include="SSAOAmbientMapComputePS.hlsl" />
    <FxCompile Include="SSAOAmbientMapComputeVS.hlsl" />
    <FxCompile Include="SSAOBlurPS.hlsl" />
    <FxCompile Include="SSAOBlurVS.hlsl" />
    <FxCompile Include="SSAONormalDepthPS.hlsl" />
    <FxCompile Include="SSAONormalDepthSkinnedVS.hlsl" />
    <FxCompile Include="SSAONormalDepthVS.hlsl" />
    <FxCompile Include="SSPRReflectionsMapComputeCS.hlsl" />
    <FxCompile Include="SSPRReflectionsMapComputePS.hlsl" />
    <FxCompile Include="SSPRReflectionsMapComputeVS.hlsl" />
    <FxCompile Include="SSRReflectionsMapComputePS.hlsl" />
    <FxCompile Include="SSRReflectionsMapComputeVS.hlsl" />
    <FxCompile Include="VS.hlsl" />
    <FxCompile Include="SSRComputeHierarchicalDepthBufferCS.hlsl" />
    <FxCompile Include="SSRCopyDepthBufferCS.hlsl" />
    <FxCompile Include="SSRComputeHierarchicalDepthBufferPS.hlsl" />
    <FxCompile Include="SSRComputeHierarchicalDepthBufferVS.hlsl" />
  </ItemGroup>
  <ItemGroup>
    <ClCompile Include="main.cpp" />
    <ClCompile Include="SSPR.cpp" />
    <ClCompile Include="SSR.cpp" />
    <ClCompile Include="..\3D Game Programming with DirectX 11\D3DApp\D3DApp.cpp" />
    <ClCompile Include="SSSR.cpp">
      <Filter>SSSR</Filter>
    </ClCompile>
  </ItemGroup>
  <ItemGroup>
    <ClInclude Include="SSPR.h" />
    <ClInclude Include="SSR.h" />
    <ClInclude Include="..\3D Game Programming with DirectX 11\D3DApp\D3DApp.h" />
    <ClInclude Include="SSSR.h">
      <Filter>SSSR</Filter>
    </ClInclude>
  </ItemGroup>
  <ItemGroup>
    <Filter Include="SSSR">
      <UniqueIdentifier>{075a0f51-3cb0-4244-bf26-6eb9bd15b3c8}</UniqueIdentifier>
    </Filter>
  </ItemGroup>
</Project>